
Microsoft Visual Studio Solution File, Format Version 12.00
# Visual Studio Version 16
VisualStudioVersion = 16.0.30621.155
MinimumVisualStudioVersion = 15.0.26124.0
Project("{9A19103F-16F7-4668-BE54-9A1E7A4F7556}") = "TeaDB", "TeaDB\TeaDB.csproj", "{D2782F82-17EE-42D1-936A-76D962A7A49F}"
EndProject
Project("{9A19103F-16F7-4668-BE54-9A1E7A4F7556}") = "TeaLib", "TeaLib\TeaLib.csproj", "{18733D0D-8E91-4091-8406-CA21CA40E11D}"
EndProject
Project("{9A19103F-16F7-4668-BE54-9A1E7A4F7556}") = "TeaTest", "TeaTest\TeaTest.csproj", "{A8053176-DD69-4B36-BB87-3292E623397F}"
EndProject
Project("{FAE04EC0-301F-11D3-BF4B-00C04F79EFBC}") = "TeaAPI", "TeaAPI\TeaAPI.csproj", "{62B9DFA6-593D-4EEA-93EC-CAD6CC22130D}"
EndProject
Global
	GlobalSection(SolutionConfigurationPlatforms) = preSolution
		Debug|Any CPU = Debug|Any CPU
		Debug|x64 = Debug|x64
		Debug|x86 = Debug|x86
		Release|Any CPU = Release|Any CPU
		Release|x64 = Release|x64
		Release|x86 = Release|x86
	EndGlobalSection
	GlobalSection(ProjectConfigurationPlatforms) = postSolution
		{D2782F82-17EE-42D1-936A-76D962A7A49F}.Debug|Any CPU.ActiveCfg = Debug|Any CPU
		{D2782F82-17EE-42D1-936A-76D962A7A49F}.Debug|Any CPU.Build.0 = Debug|Any CPU
		{D2782F82-17EE-42D1-936A-76D962A7A49F}.Debug|x64.ActiveCfg = Debug|Any CPU
		{D2782F82-17EE-42D1-936A-76D962A7A49F}.Debug|x64.Build.0 = Debug|Any CPU
		{D2782F82-17EE-42D1-936A-76D962A7A49F}.Debug|x86.ActiveCfg = Debug|Any CPU
		{D2782F82-17EE-42D1-936A-76D962A7A49F}.Debug|x86.Build.0 = Debug|Any CPU
		{D2782F82-17EE-42D1-936A-76D962A7A49F}.Release|Any CPU.ActiveCfg = Release|Any CPU
		{D2782F82-17EE-42D1-936A-76D962A7A49F}.Release|Any CPU.Build.0 = Release|Any CPU
		{D2782F82-17EE-42D1-936A-76D962A7A49F}.Release|x64.ActiveCfg = Release|Any CPU
		{D2782F82-17EE-42D1-936A-76D962A7A49F}.Release|x64.Build.0 = Release|Any CPU
		{D2782F82-17EE-42D1-936A-76D962A7A49F}.Release|x86.ActiveCfg = Release|Any CPU
		{D2782F82-17EE-42D1-936A-76D962A7A49F}.Release|x86.Build.0 = Release|Any CPU
		{18733D0D-8E91-4091-8406-CA21CA40E11D}.Debug|Any CPU.ActiveCfg = Debug|Any CPU
		{18733D0D-8E91-4091-8406-CA21CA40E11D}.Debug|Any CPU.Build.0 = Debug|Any CPU
		{18733D0D-8E91-4091-8406-CA21CA40E11D}.Debug|x64.ActiveCfg = Debug|Any CPU
		{18733D0D-8E91-4091-8406-CA21CA40E11D}.Debug|x64.Build.0 = Debug|Any CPU
		{18733D0D-8E91-4091-8406-CA21CA40E11D}.Debug|x86.ActiveCfg = Debug|Any CPU
		{18733D0D-8E91-4091-8406-CA21CA40E11D}.Debug|x86.Build.0 = Debug|Any CPU
		{18733D0D-8E91-4091-8406-CA21CA40E11D}.Release|Any CPU.ActiveCfg = Release|Any CPU
		{18733D0D-8E91-4091-8406-CA21CA40E11D}.Release|Any CPU.Build.0 = Release|Any CPU
		{18733D0D-8E91-4091-8406-CA21CA40E11D}.Release|x64.ActiveCfg = Release|Any CPU
		{18733D0D-8E91-4091-8406-CA21CA40E11D}.Release|x64.Build.0 = Release|Any CPU
		{18733D0D-8E91-4091-8406-CA21CA40E11D}.Release|x86.ActiveCfg = Release|Any CPU
		{18733D0D-8E91-4091-8406-CA21CA40E11D}.Release|x86.Build.0 = Release|Any CPU
		{A8053176-DD69-4B36-BB87-3292E623397F}.Debug|Any CPU.ActiveCfg = Debug|Any CPU
		{A8053176-DD69-4B36-BB87-3292E623397F}.Debug|Any CPU.Build.0 = Debug|Any CPU
		{A8053176-DD69-4B36-BB87-3292E623397F}.Debug|x64.ActiveCfg = Debug|Any CPU
		{A8053176-DD69-4B36-BB87-3292E623397F}.Debug|x64.Build.0 = Debug|Any CPU
		{A8053176-DD69-4B36-BB87-3292E623397F}.Debug|x86.ActiveCfg = Debug|Any CPU
		{A8053176-DD69-4B36-BB87-3292E623397F}.Debug|x86.Build.0 = Debug|Any CPU
		{A8053176-DD69-4B36-BB87-3292E623397F}.Release|Any CPU.ActiveCfg = Release|Any CPU
		{A8053176-DD69-4B36-BB87-3292E623397F}.Release|Any CPU.Build.0 = Release|Any CPU
		{A8053176-DD69-4B36-BB87-3292E623397F}.Release|x64.ActiveCfg = Release|Any CPU
		{A8053176-DD69-4B36-BB87-3292E623397F}.Release|x64.Build.0 = Release|Any CPU
		{A8053176-DD69-4B36-BB87-3292E623397F}.Release|x86.ActiveCfg = Release|Any CPU
		{A8053176-DD69-4B36-BB87-3292E623397F}.Release|x86.Build.0 = Release|Any CPU
		{62B9DFA6-593D-4EEA-93EC-CAD6CC22130D}.Debug|Any CPU.ActiveCfg = Debug|Any CPU
		{62B9DFA6-593D-4EEA-93EC-CAD6CC22130D}.Debug|Any CPU.Build.0 = Debug|Any CPU
		{62B9DFA6-593D-4EEA-93EC-CAD6CC22130D}.Debug|x64.ActiveCfg = Debug|Any CPU
		{62B9DFA6-593D-4EEA-93EC-CAD6CC22130D}.Debug|x64.Build.0 = Debug|Any CPU
		{62B9DFA6-593D-4EEA-93EC-CAD6CC22130D}.Debug|x86.ActiveCfg = Debug|Any CPU
		{62B9DFA6-593D-4EEA-93EC-CAD6CC22130D}.Debug|x86.Build.0 = Debug|Any CPU
		{62B9DFA6-593D-4EEA-93EC-CAD6CC22130D}.Release|Any CPU.ActiveCfg = Release|Any CPU
		{62B9DFA6-593D-4EEA-93EC-CAD6CC22130D}.Release|Any CPU.Build.0 = Release|Any CPU
		{62B9DFA6-593D-4EEA-93EC-CAD6CC22130D}.Release|x64.ActiveCfg = Release|Any CPU
		{62B9DFA6-593D-4EEA-93EC-CAD6CC22130D}.Release|x64.Build.0 = Release|Any CPU
		{62B9DFA6-593D-4EEA-93EC-CAD6CC22130D}.Release|x86.ActiveCfg = Release|Any CPU
		{62B9DFA6-593D-4EEA-93EC-CAD6CC22130D}.Release|x86.Build.0 = Release|Any CPU
	EndGlobalSection
	GlobalSection(SolutionProperties) = preSolution
		HideSolutionNode = FALSE
	EndGlobalSection
	GlobalSection(ExtensibilityGlobals) = postSolution
		SolutionGuid = {42B6108C-2CEE-497D-85D0-ACB00BDD4D5C}
	EndGlobalSection
EndGlobal
