
Microsoft Visual Studio Solution File, Format Version 12.00
# Visual Studio 15
VisualStudioVersion = 15.0.26124.0
MinimumVisualStudioVersion = 15.0.26124.0
Project("{FAE04EC0-301F-11D3-BF4B-00C04F79EFBC}") = "TeaDB", "TeaDB\TeaDB.csproj", "{D2782F82-17EE-42D1-936A-76D962A7A49F}"
EndProject
Project("{FAE04EC0-301F-11D3-BF4B-00C04F79EFBC}") = "TeaLib", "TeaLib\TeaLib.csproj", "{18733D0D-8E91-4091-8406-CA21CA40E11D}"
EndProject
Project("{FAE04EC0-301F-11D3-BF4B-00C04F79EFBC}") = "TeaUI", "TeaUI\TeaUI.csproj", "{BA7ADFAF-0FE9-44C4-855F-DB6FCD5723D3}"
EndProject
Project("{FAE04EC0-301F-11D3-BF4B-00C04F79EFBC}") = "TeaTest", "TeaTest\TeaTest.csproj", "{A8053176-DD69-4B36-BB87-3292E623397F}"
EndProject
Global
	GlobalSection(SolutionConfigurationPlatforms) = preSolution
		Debug|Any CPU = Debug|Any CPU
		Debug|x64 = Debug|x64
		Debug|x86 = Debug|x86
		Release|Any CPU = Release|Any CPU
		Release|x64 = Release|x64
		Release|x86 = Release|x86
	EndGlobalSection
	GlobalSection(SolutionProperties) = preSolution
		HideSolutionNode = FALSE
	EndGlobalSection
	GlobalSection(ProjectConfigurationPlatforms) = postSolution
		{980FC3D8-5ADD-4BA6-8CA9-9A2680E6D712}.Debug|Any CPU.ActiveCfg = Debug|Any CPU
		{980FC3D8-5ADD-4BA6-8CA9-9A2680E6D712}.Debug|Any CPU.Build.0 = Debug|Any CPU
		{980FC3D8-5ADD-4BA6-8CA9-9A2680E6D712}.Debug|x64.ActiveCfg = Debug|Any CPU
		{980FC3D8-5ADD-4BA6-8CA9-9A2680E6D712}.Debug|x64.Build.0 = Debug|Any CPU
		{980FC3D8-5ADD-4BA6-8CA9-9A2680E6D712}.Debug|x86.ActiveCfg = Debug|Any CPU
		{980FC3D8-5ADD-4BA6-8CA9-9A2680E6D712}.Debug|x86.Build.0 = Debug|Any CPU
		{980FC3D8-5ADD-4BA6-8CA9-9A2680E6D712}.Release|Any CPU.ActiveCfg = Release|Any CPU
		{980FC3D8-5ADD-4BA6-8CA9-9A2680E6D712}.Release|Any CPU.Build.0 = Release|Any CPU
		{980FC3D8-5ADD-4BA6-8CA9-9A2680E6D712}.Release|x64.ActiveCfg = Release|Any CPU
		{980FC3D8-5ADD-4BA6-8CA9-9A2680E6D712}.Release|x64.Build.0 = Release|Any CPU
		{980FC3D8-5ADD-4BA6-8CA9-9A2680E6D712}.Release|x86.ActiveCfg = Release|Any CPU
		{980FC3D8-5ADD-4BA6-8CA9-9A2680E6D712}.Release|x86.Build.0 = Release|Any CPU
		{D2782F82-17EE-42D1-936A-76D962A7A49F}.Debug|Any CPU.ActiveCfg = Debug|Any CPU
		{D2782F82-17EE-42D1-936A-76D962A7A49F}.Debug|Any CPU.Build.0 = Debug|Any CPU
		{D2782F82-17EE-42D1-936A-76D962A7A49F}.Debug|x64.ActiveCfg = Debug|Any CPU
		{D2782F82-17EE-42D1-936A-76D962A7A49F}.Debug|x64.Build.0 = Debug|Any CPU
		{D2782F82-17EE-42D1-936A-76D962A7A49F}.Debug|x86.ActiveCfg = Debug|Any CPU
		{D2782F82-17EE-42D1-936A-76D962A7A49F}.Debug|x86.Build.0 = Debug|Any CPU
		{D2782F82-17EE-42D1-936A-76D962A7A49F}.Release|Any CPU.ActiveCfg = Release|Any CPU
		{D2782F82-17EE-42D1-936A-76D962A7A49F}.Release|Any CPU.Build.0 = Release|Any CPU
		{D2782F82-17EE-42D1-936A-76D962A7A49F}.Release|x64.ActiveCfg = Release|Any CPU
		{D2782F82-17EE-42D1-936A-76D962A7A49F}.Release|x64.Build.0 = Release|Any CPU
		{D2782F82-17EE-42D1-936A-76D962A7A49F}.Release|x86.ActiveCfg = Release|Any CPU
		{D2782F82-17EE-42D1-936A-76D962A7A49F}.Release|x86.Build.0 = Release|Any CPU
		{18733D0D-8E91-4091-8406-CA21CA40E11D}.Debug|Any CPU.ActiveCfg = Debug|Any CPU
		{18733D0D-8E91-4091-8406-CA21CA40E11D}.Debug|Any CPU.Build.0 = Debug|Any CPU
		{18733D0D-8E91-4091-8406-CA21CA40E11D}.Debug|x64.ActiveCfg = Debug|Any CPU
		{18733D0D-8E91-4091-8406-CA21CA40E11D}.Debug|x64.Build.0 = Debug|Any CPU
		{18733D0D-8E91-4091-8406-CA21CA40E11D}.Debug|x86.ActiveCfg = Debug|Any CPU
		{18733D0D-8E91-4091-8406-CA21CA40E11D}.Debug|x86.Build.0 = Debug|Any CPU
		{18733D0D-8E91-4091-8406-CA21CA40E11D}.Release|Any CPU.ActiveCfg = Release|Any CPU
		{18733D0D-8E91-4091-8406-CA21CA40E11D}.Release|Any CPU.Build.0 = Release|Any CPU
		{18733D0D-8E91-4091-8406-CA21CA40E11D}.Release|x64.ActiveCfg = Release|Any CPU
		{18733D0D-8E91-4091-8406-CA21CA40E11D}.Release|x64.Build.0 = Release|Any CPU
		{18733D0D-8E91-4091-8406-CA21CA40E11D}.Release|x86.ActiveCfg = Release|Any CPU
		{18733D0D-8E91-4091-8406-CA21CA40E11D}.Release|x86.Build.0 = Release|Any CPU
		{BA7ADFAF-0FE9-44C4-855F-DB6FCD5723D3}.Debug|Any CPU.ActiveCfg = Debug|Any CPU
		{BA7ADFAF-0FE9-44C4-855F-DB6FCD5723D3}.Debug|Any CPU.Build.0 = Debug|Any CPU
		{BA7ADFAF-0FE9-44C4-855F-DB6FCD5723D3}.Debug|x64.ActiveCfg = Debug|Any CPU
		{BA7ADFAF-0FE9-44C4-855F-DB6FCD5723D3}.Debug|x64.Build.0 = Debug|Any CPU
		{BA7ADFAF-0FE9-44C4-855F-DB6FCD5723D3}.Debug|x86.ActiveCfg = Debug|Any CPU
		{BA7ADFAF-0FE9-44C4-855F-DB6FCD5723D3}.Debug|x86.Build.0 = Debug|Any CPU
		{BA7ADFAF-0FE9-44C4-855F-DB6FCD5723D3}.Release|Any CPU.ActiveCfg = Release|Any CPU
		{BA7ADFAF-0FE9-44C4-855F-DB6FCD5723D3}.Release|Any CPU.Build.0 = Release|Any CPU
		{BA7ADFAF-0FE9-44C4-855F-DB6FCD5723D3}.Release|x64.ActiveCfg = Release|Any CPU
		{BA7ADFAF-0FE9-44C4-855F-DB6FCD5723D3}.Release|x64.Build.0 = Release|Any CPU
		{BA7ADFAF-0FE9-44C4-855F-DB6FCD5723D3}.Release|x86.ActiveCfg = Release|Any CPU
		{BA7ADFAF-0FE9-44C4-855F-DB6FCD5723D3}.Release|x86.Build.0 = Release|Any CPU
		{A8053176-DD69-4B36-BB87-3292E623397F}.Debug|Any CPU.ActiveCfg = Debug|Any CPU
		{A8053176-DD69-4B36-BB87-3292E623397F}.Debug|Any CPU.Build.0 = Debug|Any CPU
		{A8053176-DD69-4B36-BB87-3292E623397F}.Debug|x64.ActiveCfg = Debug|Any CPU
		{A8053176-DD69-4B36-BB87-3292E623397F}.Debug|x64.Build.0 = Debug|Any CPU
		{A8053176-DD69-4B36-BB87-3292E623397F}.Debug|x86.ActiveCfg = Debug|Any CPU
		{A8053176-DD69-4B36-BB87-3292E623397F}.Debug|x86.Build.0 = Debug|Any CPU
		{A8053176-DD69-4B36-BB87-3292E623397F}.Release|Any CPU.ActiveCfg = Release|Any CPU
		{A8053176-DD69-4B36-BB87-3292E623397F}.Release|Any CPU.Build.0 = Release|Any CPU
		{A8053176-DD69-4B36-BB87-3292E623397F}.Release|x64.ActiveCfg = Release|Any CPU
		{A8053176-DD69-4B36-BB87-3292E623397F}.Release|x64.Build.0 = Release|Any CPU
		{A8053176-DD69-4B36-BB87-3292E623397F}.Release|x86.ActiveCfg = Release|Any CPU
		{A8053176-DD69-4B36-BB87-3292E623397F}.Release|x86.Build.0 = Release|Any CPU
	EndGlobalSection
EndGlobal
